
Microsoft Visual Studio Solution File, Format Version 12.00
# Visual Studio Version 17
VisualStudioVersion = 17.0.31903.59
MinimumVisualStudioVersion = 10.0.40219.1
Project("{2150E333-8FDC-42A3-9474-1A3956D46DE8}") = "src", "src", "{827E0CD3-B72D-47B6-A68D-7590B98EB39B}"
EndProject
Project("{FAE04EC0-301F-11D3-BF4B-00C04F79EFBC}") = "MechanicShop.Api", "src\MechanicShop.Api\MechanicShop.Api.csproj", "{74BB2CA7-9CE3-4E67-AF88-AFFBFABBC1B3}"
EndProject
Project("{FAE04EC0-301F-11D3-BF4B-00C04F79EFBC}") = "MechanicShop.Contracts", "src\MechanicShop.Contracts\MechanicShop.Contracts.csproj", "{CFE2A036-17B7-4038-996E-8693F49ECC88}"
EndProject
Project("{FAE04EC0-301F-11D3-BF4B-00C04F79EFBC}") = "MechanicShop.Application", "src\MechanicShop.Application\MechanicShop.Application.csproj", "{05847549-E902-43F2-B734-DB6A245C5E31}"
EndProject
Project("{FAE04EC0-301F-11D3-BF4B-00C04F79EFBC}") = "MechanicShop.Domain", "src\MechanicShop.Domain\MechanicShop.Domain.csproj", "{E94B0459-61AA-4866-981A-870CF5EB7ED2}"
EndProject
Project("{FAE04EC0-301F-11D3-BF4B-00C04F79EFBC}") = "MechanicShop.Client", "src\MechanicShop.Client\MechanicShop.Client.csproj", "{384054AA-7103-4548-868C-465226E21C87}"
EndProject
Project("{FAE04EC0-301F-11D3-BF4B-00C04F79EFBC}") = "MechanicShop.Infrastructure", "src\MechanicShop.Infrastructure\MechanicShop.Infrastructure.csproj", "{CFDC8F30-7FA1-42ED-88F8-E4DDCC57BAD6}"
EndProject
Project("{2150E333-8FDC-42A3-9474-1A3956D46DE8}") = "tests", "tests", "{0AB3BF05-4346-4AA6-1389-037BE0695223}"
EndProject
Project("{FAE04EC0-301F-11D3-BF4B-00C04F79EFBC}") = "MechanicShop.Api.IntegrationTests", "tests\MechanicShop.Api.IntegrationTests\MechanicShop.Api.IntegrationTests.csproj", "{130AA0AE-B1CE-48DA-85DC-309B3D1C9A79}"
EndProject
Project("{FAE04EC0-301F-11D3-BF4B-00C04F79EFBC}") = "MechanicShop.Tests.Common", "tests\MechanicShop.Tests.Common\MechanicShop.Tests.Common.csproj", "{847AA300-165C-4814-A152-5DA264B9B8A8}"
EndProject
Project("{FAE04EC0-301F-11D3-BF4B-00C04F79EFBC}") = "MechanicShop.Application.SubcutaneousTests", "tests\MechanicShop.Application.SubcutaneousTests\MechanicShop.Application.SubcutaneousTests.csproj", "{0C809EBF-67E4-4CE0-9BEB-0547A23D6D74}"
EndProject
Project("{FAE04EC0-301F-11D3-BF4B-00C04F79EFBC}") = "MechanicShop.Application.UnitTests", "tests\MechanicShop.Application.UnitTests\MechanicShop.Application.UnitTests.csproj", "{13FC0E3F-EB29-4723-B5AC-E75BECAF70B6}"
EndProject
Project("{FAE04EC0-301F-11D3-BF4B-00C04F79EFBC}") = "MechanicShop.Domain.UnitTests", "tests\MechanicShop.Domain.UnitTests\MechanicShop.Domain.UnitTests.csproj", "{9AA475E5-4C1A-4131-A9B1-2F65ABA3E9A8}"
EndProject
Global
	GlobalSection(SolutionConfigurationPlatforms) = preSolution
		Debug|Any CPU = Debug|Any CPU
		Debug|x64 = Debug|x64
		Debug|x86 = Debug|x86
		Release|Any CPU = Release|Any CPU
		Release|x64 = Release|x64
		Release|x86 = Release|x86
	EndGlobalSection
	GlobalSection(ProjectConfigurationPlatforms) = postSolution
		{74BB2CA7-9CE3-4E67-AF88-AFFBFABBC1B3}.Debug|Any CPU.ActiveCfg = Debug|Any CPU
		{74BB2CA7-9CE3-4E67-AF88-AFFBFABBC1B3}.Debug|Any CPU.Build.0 = Debug|Any CPU
		{74BB2CA7-9CE3-4E67-AF88-AFFBFABBC1B3}.Debug|x64.ActiveCfg = Debug|Any CPU
		{74BB2CA7-9CE3-4E67-AF88-AFFBFABBC1B3}.Debug|x64.Build.0 = Debug|Any CPU
		{74BB2CA7-9CE3-4E67-AF88-AFFBFABBC1B3}.Debug|x86.ActiveCfg = Debug|Any CPU
		{74BB2CA7-9CE3-4E67-AF88-AFFBFABBC1B3}.Debug|x86.Build.0 = Debug|Any CPU
		{74BB2CA7-9CE3-4E67-AF88-AFFBFABBC1B3}.Release|Any CPU.ActiveCfg = Release|Any CPU
		{74BB2CA7-9CE3-4E67-AF88-AFFBFABBC1B3}.Release|Any CPU.Build.0 = Release|Any CPU
		{74BB2CA7-9CE3-4E67-AF88-AFFBFABBC1B3}.Release|x64.ActiveCfg = Release|Any CPU
		{74BB2CA7-9CE3-4E67-AF88-AFFBFABBC1B3}.Release|x64.Build.0 = Release|Any CPU
		{74BB2CA7-9CE3-4E67-AF88-AFFBFABBC1B3}.Release|x86.ActiveCfg = Release|Any CPU
		{74BB2CA7-9CE3-4E67-AF88-AFFBFABBC1B3}.Release|x86.Build.0 = Release|Any CPU
		{CFE2A036-17B7-4038-996E-8693F49ECC88}.Debug|Any CPU.ActiveCfg = Debug|Any CPU
		{CFE2A036-17B7-4038-996E-8693F49ECC88}.Debug|Any CPU.Build.0 = Debug|Any CPU
		{CFE2A036-17B7-4038-996E-8693F49ECC88}.Debug|x64.ActiveCfg = Debug|Any CPU
		{CFE2A036-17B7-4038-996E-8693F49ECC88}.Debug|x64.Build.0 = Debug|Any CPU
		{CFE2A036-17B7-4038-996E-8693F49ECC88}.Debug|x86.ActiveCfg = Debug|Any CPU
		{CFE2A036-17B7-4038-996E-8693F49ECC88}.Debug|x86.Build.0 = Debug|Any CPU
		{CFE2A036-17B7-4038-996E-8693F49ECC88}.Release|Any CPU.ActiveCfg = Release|Any CPU
		{CFE2A036-17B7-4038-996E-8693F49ECC88}.Release|Any CPU.Build.0 = Release|Any CPU
		{CFE2A036-17B7-4038-996E-8693F49ECC88}.Release|x64.ActiveCfg = Release|Any CPU
		{CFE2A036-17B7-4038-996E-8693F49ECC88}.Release|x64.Build.0 = Release|Any CPU
		{CFE2A036-17B7-4038-996E-8693F49ECC88}.Release|x86.ActiveCfg = Release|Any CPU
		{CFE2A036-17B7-4038-996E-8693F49ECC88}.Release|x86.Build.0 = Release|Any CPU
		{05847549-E902-43F2-B734-DB6A245C5E31}.Debug|Any CPU.ActiveCfg = Debug|Any CPU
		{05847549-E902-43F2-B734-DB6A245C5E31}.Debug|Any CPU.Build.0 = Debug|Any CPU
		{05847549-E902-43F2-B734-DB6A245C5E31}.Debug|x64.ActiveCfg = Debug|Any CPU
		{05847549-E902-43F2-B734-DB6A245C5E31}.Debug|x64.Build.0 = Debug|Any CPU
		{05847549-E902-43F2-B734-DB6A245C5E31}.Debug|x86.ActiveCfg = Debug|Any CPU
		{05847549-E902-43F2-B734-DB6A245C5E31}.Debug|x86.Build.0 = Debug|Any CPU
		{05847549-E902-43F2-B734-DB6A245C5E31}.Release|Any CPU.ActiveCfg = Release|Any CPU
		{05847549-E902-43F2-B734-DB6A245C5E31}.Release|Any CPU.Build.0 = Release|Any CPU
		{05847549-E902-43F2-B734-DB6A245C5E31}.Release|x64.ActiveCfg = Release|Any CPU
		{05847549-E902-43F2-B734-DB6A245C5E31}.Release|x64.Build.0 = Release|Any CPU
		{05847549-E902-43F2-B734-DB6A245C5E31}.Release|x86.ActiveCfg = Release|Any CPU
		{05847549-E902-43F2-B734-DB6A245C5E31}.Release|x86.Build.0 = Release|Any CPU
		{E94B0459-61AA-4866-981A-870CF5EB7ED2}.Debug|Any CPU.ActiveCfg = Debug|Any CPU
		{E94B0459-61AA-4866-981A-870CF5EB7ED2}.Debug|Any CPU.Build.0 = Debug|Any CPU
		{E94B0459-61AA-4866-981A-870CF5EB7ED2}.Debug|x64.ActiveCfg = Debug|Any CPU
		{E94B0459-61AA-4866-981A-870CF5EB7ED2}.Debug|x64.Build.0 = Debug|Any CPU
		{E94B0459-61AA-4866-981A-870CF5EB7ED2}.Debug|x86.ActiveCfg = Debug|Any CPU
		{E94B0459-61AA-4866-981A-870CF5EB7ED2}.Debug|x86.Build.0 = Debug|Any CPU
		{E94B0459-61AA-4866-981A-870CF5EB7ED2}.Release|Any CPU.ActiveCfg = Release|Any CPU
		{E94B0459-61AA-4866-981A-870CF5EB7ED2}.Release|Any CPU.Build.0 = Release|Any CPU
		{E94B0459-61AA-4866-981A-870CF5EB7ED2}.Release|x64.ActiveCfg = Release|Any CPU
		{E94B0459-61AA-4866-981A-870CF5EB7ED2}.Release|x64.Build.0 = Release|Any CPU
		{E94B0459-61AA-4866-981A-870CF5EB7ED2}.Release|x86.ActiveCfg = Release|Any CPU
		{E94B0459-61AA-4866-981A-870CF5EB7ED2}.Release|x86.Build.0 = Release|Any CPU
		{384054AA-7103-4548-868C-465226E21C87}.Debug|Any CPU.ActiveCfg = Debug|Any CPU
		{384054AA-7103-4548-868C-465226E21C87}.Debug|Any CPU.Build.0 = Debug|Any CPU
		{384054AA-7103-4548-868C-465226E21C87}.Debug|x64.ActiveCfg = Debug|Any CPU
		{384054AA-7103-4548-868C-465226E21C87}.Debug|x64.Build.0 = Debug|Any CPU
		{384054AA-7103-4548-868C-465226E21C87}.Debug|x86.ActiveCfg = Debug|Any CPU
		{384054AA-7103-4548-868C-465226E21C87}.Debug|x86.Build.0 = Debug|Any CPU
		{384054AA-7103-4548-868C-465226E21C87}.Release|Any CPU.ActiveCfg = Release|Any CPU
		{384054AA-7103-4548-868C-465226E21C87}.Release|Any CPU.Build.0 = Release|Any CPU
		{384054AA-7103-4548-868C-465226E21C87}.Release|x64.ActiveCfg = Release|Any CPU
		{384054AA-7103-4548-868C-465226E21C87}.Release|x64.Build.0 = Release|Any CPU
		{384054AA-7103-4548-868C-465226E21C87}.Release|x86.ActiveCfg = Release|Any CPU
		{384054AA-7103-4548-868C-465226E21C87}.Release|x86.Build.0 = Release|Any CPU
		{CFDC8F30-7FA1-42ED-88F8-E4DDCC57BAD6}.Debug|Any CPU.ActiveCfg = Debug|Any CPU
		{CFDC8F30-7FA1-42ED-88F8-E4DDCC57BAD6}.Debug|Any CPU.Build.0 = Debug|Any CPU
		{CFDC8F30-7FA1-42ED-88F8-E4DDCC57BAD6}.Debug|x64.ActiveCfg = Debug|Any CPU
		{CFDC8F30-7FA1-42ED-88F8-E4DDCC57BAD6}.Debug|x64.Build.0 = Debug|Any CPU
		{CFDC8F30-7FA1-42ED-88F8-E4DDCC57BAD6}.Debug|x86.ActiveCfg = Debug|Any CPU
		{CFDC8F30-7FA1-42ED-88F8-E4DDCC57BAD6}.Debug|x86.Build.0 = Debug|Any CPU
		{CFDC8F30-7FA1-42ED-88F8-E4DDCC57BAD6}.Release|Any CPU.ActiveCfg = Release|Any CPU
		{CFDC8F30-7FA1-42ED-88F8-E4DDCC57BAD6}.Release|Any CPU.Build.0 = Release|Any CPU
		{CFDC8F30-7FA1-42ED-88F8-E4DDCC57BAD6}.Release|x64.ActiveCfg = Release|Any CPU
		{CFDC8F30-7FA1-42ED-88F8-E4DDCC57BAD6}.Release|x64.Build.0 = Release|Any CPU
		{CFDC8F30-7FA1-42ED-88F8-E4DDCC57BAD6}.Release|x86.ActiveCfg = Release|Any CPU
		{CFDC8F30-7FA1-42ED-88F8-E4DDCC57BAD6}.Release|x86.Build.0 = Release|Any CPU
		{130AA0AE-B1CE-48DA-85DC-309B3D1C9A79}.Debug|Any CPU.ActiveCfg = Debug|Any CPU
		{130AA0AE-B1CE-48DA-85DC-309B3D1C9A79}.Debug|Any CPU.Build.0 = Debug|Any CPU
		{130AA0AE-B1CE-48DA-85DC-309B3D1C9A79}.Debug|x64.ActiveCfg = Debug|Any CPU
		{130AA0AE-B1CE-48DA-85DC-309B3D1C9A79}.Debug|x64.Build.0 = Debug|Any CPU
		{130AA0AE-B1CE-48DA-85DC-309B3D1C9A79}.Debug|x86.ActiveCfg = Debug|Any CPU
		{130AA0AE-B1CE-48DA-85DC-309B3D1C9A79}.Debug|x86.Build.0 = Debug|Any CPU
		{130AA0AE-B1CE-48DA-85DC-309B3D1C9A79}.Release|Any CPU.ActiveCfg = Release|Any CPU
		{130AA0AE-B1CE-48DA-85DC-309B3D1C9A79}.Release|Any CPU.Build.0 = Release|Any CPU
		{130AA0AE-B1CE-48DA-85DC-309B3D1C9A79}.Release|x64.ActiveCfg = Release|Any CPU
		{130AA0AE-B1CE-48DA-85DC-309B3D1C9A79}.Release|x64.Build.0 = Release|Any CPU
		{130AA0AE-B1CE-48DA-85DC-309B3D1C9A79}.Release|x86.ActiveCfg = Release|Any CPU
		{130AA0AE-B1CE-48DA-85DC-309B3D1C9A79}.Release|x86.Build.0 = Release|Any CPU
		{847AA300-165C-4814-A152-5DA264B9B8A8}.Debug|Any CPU.ActiveCfg = Debug|Any CPU
		{847AA300-165C-4814-A152-5DA264B9B8A8}.Debug|Any CPU.Build.0 = Debug|Any CPU
		{847AA300-165C-4814-A152-5DA264B9B8A8}.Debug|x64.ActiveCfg = Debug|Any CPU
		{847AA300-165C-4814-A152-5DA264B9B8A8}.Debug|x64.Build.0 = Debug|Any CPU
		{847AA300-165C-4814-A152-5DA264B9B8A8}.Debug|x86.ActiveCfg = Debug|Any CPU
		{847AA300-165C-4814-A152-5DA264B9B8A8}.Debug|x86.Build.0 = Debug|Any CPU
		{847AA300-165C-4814-A152-5DA264B9B8A8}.Release|Any CPU.ActiveCfg = Release|Any CPU
		{847AA300-165C-4814-A152-5DA264B9B8A8}.Release|Any CPU.Build.0 = Release|Any CPU
		{847AA300-165C-4814-A152-5DA264B9B8A8}.Release|x64.ActiveCfg = Release|Any CPU
		{847AA300-165C-4814-A152-5DA264B9B8A8}.Release|x64.Build.0 = Release|Any CPU
		{847AA300-165C-4814-A152-5DA264B9B8A8}.Release|x86.ActiveCfg = Release|Any CPU
		{847AA300-165C-4814-A152-5DA264B9B8A8}.Release|x86.Build.0 = Release|Any CPU
		{0C809EBF-67E4-4CE0-9BEB-0547A23D6D74}.Debug|Any CPU.ActiveCfg = Debug|Any CPU
		{0C809EBF-67E4-4CE0-9BEB-0547A23D6D74}.Debug|Any CPU.Build.0 = Debug|Any CPU
		{0C809EBF-67E4-4CE0-9BEB-0547A23D6D74}.Debug|x64.ActiveCfg = Debug|Any CPU
		{0C809EBF-67E4-4CE0-9BEB-0547A23D6D74}.Debug|x64.Build.0 = Debug|Any CPU
		{0C809EBF-67E4-4CE0-9BEB-0547A23D6D74}.Debug|x86.ActiveCfg = Debug|Any CPU
		{0C809EBF-67E4-4CE0-9BEB-0547A23D6D74}.Debug|x86.Build.0 = Debug|Any CPU
		{0C809EBF-67E4-4CE0-9BEB-0547A23D6D74}.Release|Any CPU.ActiveCfg = Release|Any CPU
		{0C809EBF-67E4-4CE0-9BEB-0547A23D6D74}.Release|Any CPU.Build.0 = Release|Any CPU
		{0C809EBF-67E4-4CE0-9BEB-0547A23D6D74}.Release|x64.ActiveCfg = Release|Any CPU
		{0C809EBF-67E4-4CE0-9BEB-0547A23D6D74}.Release|x64.Build.0 = Release|Any CPU
		{0C809EBF-67E4-4CE0-9BEB-0547A23D6D74}.Release|x86.ActiveCfg = Release|Any CPU
		{0C809EBF-67E4-4CE0-9BEB-0547A23D6D74}.Release|x86.Build.0 = Release|Any CPU
		{13FC0E3F-EB29-4723-B5AC-E75BECAF70B6}.Debug|Any CPU.ActiveCfg = Debug|Any CPU
		{13FC0E3F-EB29-4723-B5AC-E75BECAF70B6}.Debug|Any CPU.Build.0 = Debug|Any CPU
		{13FC0E3F-EB29-4723-B5AC-E75BECAF70B6}.Debug|x64.ActiveCfg = Debug|Any CPU
		{13FC0E3F-EB29-4723-B5AC-E75BECAF70B6}.Debug|x64.Build.0 = Debug|Any CPU
		{13FC0E3F-EB29-4723-B5AC-E75BECAF70B6}.Debug|x86.ActiveCfg = Debug|Any CPU
		{13FC0E3F-EB29-4723-B5AC-E75BECAF70B6}.Debug|x86.Build.0 = Debug|Any CPU
		{13FC0E3F-EB29-4723-B5AC-E75BECAF70B6}.Release|Any CPU.ActiveCfg = Release|Any CPU
		{13FC0E3F-EB29-4723-B5AC-E75BECAF70B6}.Release|Any CPU.Build.0 = Release|Any CPU
		{13FC0E3F-EB29-4723-B5AC-E75BECAF70B6}.Release|x64.ActiveCfg = Release|Any CPU
		{13FC0E3F-EB29-4723-B5AC-E75BECAF70B6}.Release|x64.Build.0 = Release|Any CPU
		{13FC0E3F-EB29-4723-B5AC-E75BECAF70B6}.Release|x86.ActiveCfg = Release|Any CPU
		{13FC0E3F-EB29-4723-B5AC-E75BECAF70B6}.Release|x86.Build.0 = Release|Any CPU
		{9AA475E5-4C1A-4131-A9B1-2F65ABA3E9A8}.Debug|Any CPU.ActiveCfg = Debug|Any CPU
		{9AA475E5-4C1A-4131-A9B1-2F65ABA3E9A8}.Debug|Any CPU.Build.0 = Debug|Any CPU
		{9AA475E5-4C1A-4131-A9B1-2F65ABA3E9A8}.Debug|x64.ActiveCfg = Debug|Any CPU
		{9AA475E5-4C1A-4131-A9B1-2F65ABA3E9A8}.Debug|x64.Build.0 = Debug|Any CPU
		{9AA475E5-4C1A-4131-A9B1-2F65ABA3E9A8}.Debug|x86.ActiveCfg = Debug|Any CPU
		{9AA475E5-4C1A-4131-A9B1-2F65ABA3E9A8}.Debug|x86.Build.0 = Debug|Any CPU
		{9AA475E5-4C1A-4131-A9B1-2F65ABA3E9A8}.Release|Any CPU.ActiveCfg = Release|Any CPU
		{9AA475E5-4C1A-4131-A9B1-2F65ABA3E9A8}.Release|Any CPU.Build.0 = Release|Any CPU
		{9AA475E5-4C1A-4131-A9B1-2F65ABA3E9A8}.Release|x64.ActiveCfg = Release|Any CPU
		{9AA475E5-4C1A-4131-A9B1-2F65ABA3E9A8}.Release|x64.Build.0 = Release|Any CPU
		{9AA475E5-4C1A-4131-A9B1-2F65ABA3E9A8}.Release|x86.ActiveCfg = Release|Any CPU
		{9AA475E5-4C1A-4131-A9B1-2F65ABA3E9A8}.Release|x86.Build.0 = Release|Any CPU
	EndGlobalSection
	GlobalSection(SolutionProperties) = preSolution
		HideSolutionNode = FALSE
	EndGlobalSection
	GlobalSection(NestedProjects) = preSolution
		{74BB2CA7-9CE3-4E67-AF88-AFFBFABBC1B3} = {827E0CD3-B72D-47B6-A68D-7590B98EB39B}
		{CFE2A036-17B7-4038-996E-8693F49ECC88} = {827E0CD3-B72D-47B6-A68D-7590B98EB39B}
		{05847549-E902-43F2-B734-DB6A245C5E31} = {827E0CD3-B72D-47B6-A68D-7590B98EB39B}
		{E94B0459-61AA-4866-981A-870CF5EB7ED2} = {827E0CD3-B72D-47B6-A68D-7590B98EB39B}
		{384054AA-7103-4548-868C-465226E21C87} = {827E0CD3-B72D-47B6-A68D-7590B98EB39B}
		{CFDC8F30-7FA1-42ED-88F8-E4DDCC57BAD6} = {827E0CD3-B72D-47B6-A68D-7590B98EB39B}
		{130AA0AE-B1CE-48DA-85DC-309B3D1C9A79} = {0AB3BF05-4346-4AA6-1389-037BE0695223}
		{847AA300-165C-4814-A152-5DA264B9B8A8} = {0AB3BF05-4346-4AA6-1389-037BE0695223}
		{0C809EBF-67E4-4CE0-9BEB-0547A23D6D74} = {0AB3BF05-4346-4AA6-1389-037BE0695223}
		{13FC0E3F-EB29-4723-B5AC-E75BECAF70B6} = {0AB3BF05-4346-4AA6-1389-037BE0695223}
		{9AA475E5-4C1A-4131-A9B1-2F65ABA3E9A8} = {0AB3BF05-4346-4AA6-1389-037BE0695223}
	EndGlobalSection
EndGlobal
